# THIS IS AN AUTOGENERATED FILE. DO NOT EDIT THIS FILE DIRECTLY.
# yarn lockfile v1


"@endorlabs/go-npm@^0.1.14":
  version "0.1.14"
  resolved "https://registry.yarnpkg.com/@endorlabs/go-npm/-/go-npm-0.1.14.tgz#10f00738e16b2f88e8d1a49c8e46a0724d00f006"
  integrity sha512-dFPumRwhNXR4DdWLs/r01SjHw+98EUTqQw1q9JuVhpUcM3ruYj+84uJxvfYmKW+85vIAIdJx37YmcNgBR+p0uQ==
